<Solution>
  <Project Path="src/TransactionImporter.API/TransactionImporter.API.csproj" />
  <Project Path="src/TransactionImporter.Core/TransactionImporter.Core.csproj" />
  <Project Path="src/TransactionImporter.Infrastructure/TransactionImporter.Infrastructure.csproj" />
  <Project Path="tests/TransactionImporter.Tests/TransactionImporter.Tests.csproj" />
</Solution>
