<Solution>
  <Project Path="FinancialTransactionImporter/TransactionImporter.API.csproj" />
  <Project Path="TransactionImporter.Core/TransactionImporter.Core.csproj" />
  <Project Path="TransactionImporter.Infrastructure/TransactionImporter.Infrastructure.csproj" />
  <Project Path="TransactionImporter.Tests/TransactionImporter.Tests.csproj" />
</Solution>
